// !$*UTF8*$!
{
	archiveVersion = 1;
	classes = {
	};
	objectVersion = 51;
	objects = {

/* Begin PBXBuildFile section */
		820477EFD452D30BA04791F8 /* Pods_DigitalBitesIOS.framework in Frameworks */ = {isa = PBXBuildFile; fileRef = E9D3A1030A0A9E30629F42F8 /* Pods_DigitalBitesIOS.framework */; };
		96000A352393FCEC0084D54F /* AppDelegate.swift in Sources */ = {isa = PBXBuildFile; fileRef = 96000A342393FCEC0084D54F /* AppDelegate.swift */; };
		96000A372393FCEC0084D54F /* SceneDelegate.swift in Sources */ = {isa = PBXBuildFile; fileRef = 96000A362393FCEC0084D54F /* SceneDelegate.swift */; };
		96000A412393FCEC0084D54F /* LaunchScreen.storyboard in Resources */ = {isa = PBXBuildFile; fileRef = 96000A3F2393FCEC0084D54F /* LaunchScreen.storyboard */; };
		96000A522393FD3A0084D54F /* TableViewViewController.swift in Sources */ = {isa = PBXBuildFile; fileRef = 96000A482393FD390084D54F /* TableViewViewController.swift */; };
		96000A532393FD3A0084D54F /* TableViewCell.swift in Sources */ = {isa = PBXBuildFile; fileRef = 96000A492393FD390084D54F /* TableViewCell.swift */; };
		96000A542393FD3A0084D54F /* ApiUrlPart.swift in Sources */ = {isa = PBXBuildFile; fileRef = 96000A4A2393FD390084D54F /* ApiUrlPart.swift */; };
		96000A552393FD3A0084D54F /* CategoryCollectionViewCell.swift in Sources */ = {isa = PBXBuildFile; fileRef = 96000A4B2393FD390084D54F /* CategoryCollectionViewCell.swift */; };
		96000A562393FD3A0084D54F /* CategoryViewController.swift in Sources */ = {isa = PBXBuildFile; fileRef = 96000A4C2393FD390084D54F /* CategoryViewController.swift */; };
		96000A582393FD3A0084D54F /* SlideInTransition.swift in Sources */ = {isa = PBXBuildFile; fileRef = 96000A4E2393FD3A0084D54F /* SlideInTransition.swift */; };
		96000A592393FD3A0084D54F /* HelpViewController.swift in Sources */ = {isa = PBXBuildFile; fileRef = 96000A4F2393FD3A0084D54F /* HelpViewController.swift */; };
		96000A5A2393FD3A0084D54F /* MenuViewController.swift in Sources */ = {isa = PBXBuildFile; fileRef = 96000A502393FD3A0084D54F /* MenuViewController.swift */; };
		96000A5B2393FD3A0084D54F /* Table.swift in Sources */ = {isa = PBXBuildFile; fileRef = 96000A512393FD3A0084D54F /* Table.swift */; };
		96000B902393FDB10084D54F /* ViewController.swift in Sources */ = {isa = PBXBuildFile; fileRef = 96000B8F2393FDB10084D54F /* ViewController.swift */; };
		96000B932393FDF30084D54F /* Main.storyboard in Resources */ = {isa = PBXBuildFile; fileRef = 96000B912393FDF30084D54F /* Main.storyboard */; };
		96000B952393FE160084D54F /* Assets.xcassets in Resources */ = {isa = PBXBuildFile; fileRef = 96000B942393FE160084D54F /* Assets.xcassets */; };
		96A64BD12396718900B5AF24 /* Category.swift in Sources */ = {isa = PBXBuildFile; fileRef = 96A64BD02396718900B5AF24 /* Category.swift */; };
		96E17AE223940880005C8F4E /* ResTableViewController.swift in Sources */ = {isa = PBXBuildFile; fileRef = 96E17AE123940880005C8F4E /* ResTableViewController.swift */; };
		96E17AE423940A16005C8F4E /* ResTableViewCell.swift in Sources */ = {isa = PBXBuildFile; fileRef = 96E17AE323940A16005C8F4E /* ResTableViewCell.swift */; };
		96E17AE62394107E005C8F4E /* FoodViewController.swift in Sources */ = {isa = PBXBuildFile; fileRef = 96E17AE52394107E005C8F4E /* FoodViewController.swift */; };
		96E17AE82394246D005C8F4E /* OrdersTableViewController.swift in Sources */ = {isa = PBXBuildFile; fileRef = 96E17AE72394246D005C8F4E /* OrdersTableViewController.swift */; };
		96E17AEA2394268F005C8F4E /* OrderViewController.swift in Sources */ = {isa = PBXBuildFile; fileRef = 96E17AE92394268F005C8F4E /* OrderViewController.swift */; };
		96E17AEC23942AC8005C8F4E /* ActivityIndicator.swift in Sources */ = {isa = PBXBuildFile; fileRef = 96E17AEB23942AC8005C8F4E /* ActivityIndicator.swift */; };
		96E17AEE23942C9F005C8F4E /* Order.swift in Sources */ = {isa = PBXBuildFile; fileRef = 96E17AED23942C9F005C8F4E /* Order.swift */; };
		96E17AF023942CC6005C8F4E /* Pizza.swift in Sources */ = {isa = PBXBuildFile; fileRef = 96E17AEF23942CC6005C8F4E /* Pizza.swift */; };
		96E17B0223943A12005C8F4E /* SignupViewController.swift in Sources */ = {isa = PBXBuildFile; fileRef = 96E17B0123943A12005C8F4E /* SignupViewController.swift */; };
/* End PBXBuildFile section */

/* Begin PBXFileReference section */
		5F2C8F90C31D46B99E73278C /* Pods-DigitalBitesIOS.debug.xcconfig */ = {isa = PBXFileReference; includeInIndex = 1; lastKnownFileType = text.xcconfig; name = "Pods-DigitalBitesIOS.debug.xcconfig"; path = "Target Support Files/Pods-DigitalBitesIOS/Pods-DigitalBitesIOS.debug.xcconfig"; sourceTree = "<group>"; };
		96000A312393FCEC0084D54F /* DigitalBitesIOS.app */ = {isa = PBXFileReference; explicitFileType = wrapper.application; includeInIndex = 0; path = DigitalBitesIOS.app; sourceTree = BUILT_PRODUCTS_DIR; };
		96000A342393FCEC0084D54F /* AppDelegate.swift */ = {isa = PBXFileReference; lastKnownFileType = sourcecode.swift; path = AppDelegate.swift; sourceTree = "<group>"; };
		96000A362393FCEC0084D54F /* SceneDelegate.swift */ = {isa = PBXFileReference; lastKnownFileType = sourcecode.swift; path = SceneDelegate.swift; sourceTree = "<group>"; };
		96000A402393FCEC0084D54F /* Base */ = {isa = PBXFileReference; lastKnownFileType = file.storyboard; name = Base; path = Base.lproj/LaunchScreen.storyboard; sourceTree = "<group>"; };
		96000A422393FCEC0084D54F /* Info.plist */ = {isa = PBXFileReference; lastKnownFileType = text.plist.xml; path = Info.plist; sourceTree = "<group>"; };
		96000A482393FD390084D54F /* TableViewViewController.swift */ = {isa = PBXFileReference; fileEncoding = 4; lastKnownFileType = sourcecode.swift; name = TableViewViewController.swift; path = ../../../DigitalBitesIOSAPP/DigitalBitesIOSAPP/TableViewViewController.swift; sourceTree = "<group>"; };
		96000A492393FD390084D54F /* TableViewCell.swift */ = {isa = PBXFileReference; fileEncoding = 4; lastKnownFileType = sourcecode.swift; name = TableViewCell.swift; path = ../../../DigitalBitesIOSAPP/DigitalBitesIOSAPP/TableViewCell.swift; sourceTree = "<group>"; };
		96000A4A2393FD390084D54F /* ApiUrlPart.swift */ = {isa = PBXFileReference; fileEncoding = 4; lastKnownFileType = sourcecode.swift; name = ApiUrlPart.swift; path = ../../../DigitalBitesIOSAPP/DigitalBitesIOSAPP/ApiUrlPart.swift; sourceTree = "<group>"; };
		96000A4B2393FD390084D54F /* CategoryCollectionViewCell.swift */ = {isa = PBXFileReference; fileEncoding = 4; lastKnownFileType = sourcecode.swift; name = CategoryCollectionViewCell.swift; path = ../../../DigitalBitesIOSAPP/DigitalBitesIOSAPP/CategoryCollectionViewCell.swift; sourceTree = "<group>"; };
		96000A4C2393FD390084D54F /* CategoryViewController.swift */ = {isa = PBXFileReference; fileEncoding = 4; lastKnownFileType = sourcecode.swift; name = CategoryViewController.swift; path = ../../../DigitalBitesIOSAPP/DigitalBitesIOSAPP/CategoryViewController.swift; sourceTree = "<group>"; };
		96000A4E2393FD3A0084D54F /* SlideInTransition.swift */ = {isa = PBXFileReference; fileEncoding = 4; lastKnownFileType = sourcecode.swift; name = SlideInTransition.swift; path = ../../../DigitalBitesIOSAPP/DigitalBitesIOSAPP/SlideInTransition.swift; sourceTree = "<group>"; };
		96000A4F2393FD3A0084D54F /* HelpViewController.swift */ = {isa = PBXFileReference; fileEncoding = 4; lastKnownFileType = sourcecode.swift; name = HelpViewController.swift; path = ../../../DigitalBitesIOSAPP/DigitalBitesIOSAPP/HelpViewController.swift; sourceTree = "<group>"; };
		96000A502393FD3A0084D54F /* MenuViewController.swift */ = {isa = PBXFileReference; fileEncoding = 4; lastKnownFileType = sourcecode.swift; name = MenuViewController.swift; path = ../../../DigitalBitesIOSAPP/DigitalBitesIOSAPP/MenuViewController.swift; sourceTree = "<group>"; };
		96000A512393FD3A0084D54F /* Table.swift */ = {isa = PBXFileReference; fileEncoding = 4; lastKnownFileType = sourcecode.swift; name = Table.swift; path = ../../../DigitalBitesIOSAPP/DigitalBitesIOSAPP/Table.swift; sourceTree = "<group>"; };
		96000B8F2393FDB10084D54F /* ViewController.swift */ = {isa = PBXFileReference; fileEncoding = 4; lastKnownFileType = sourcecode.swift; name = ViewController.swift; path = "../../Digital Bites/Digital Bites/ViewController.swift"; sourceTree = "<group>"; };
		96000B922393FDF30084D54F /* Base */ = {isa = PBXFileReference; lastKnownFileType = file.storyboard; name = Base; path = "../../Digital Bites/Digital Bites/Base.lproj/Main.storyboard"; sourceTree = "<group>"; };
		96000B942393FE160084D54F /* Assets.xcassets */ = {isa = PBXFileReference; lastKnownFileType = folder.assetcatalog; name = Assets.xcassets; path = "../../Digital Bites/Digital Bites/Assets.xcassets"; sourceTree = "<group>"; };
		96A64BD02396718900B5AF24 /* Category.swift */ = {isa = PBXFileReference; lastKnownFileType = sourcecode.swift; path = Category.swift; sourceTree = "<group>"; };
		96E17AE123940880005C8F4E /* ResTableViewController.swift */ = {isa = PBXFileReference; lastKnownFileType = sourcecode.swift; path = ResTableViewController.swift; sourceTree = "<group>"; };
		96E17AE323940A16005C8F4E /* ResTableViewCell.swift */ = {isa = PBXFileReference; lastKnownFileType = sourcecode.swift; path = ResTableViewCell.swift; sourceTree = "<group>"; };
		96E17AE52394107E005C8F4E /* FoodViewController.swift */ = {isa = PBXFileReference; lastKnownFileType = sourcecode.swift; path = FoodViewController.swift; sourceTree = "<group>"; };
		96E17AE72394246D005C8F4E /* OrdersTableViewController.swift */ = {isa = PBXFileReference; lastKnownFileType = sourcecode.swift; path = OrdersTableViewController.swift; sourceTree = "<group>"; };
		96E17AE92394268F005C8F4E /* OrderViewController.swift */ = {isa = PBXFileReference; lastKnownFileType = sourcecode.swift; path = OrderViewController.swift; sourceTree = "<group>"; };
		96E17AEB23942AC8005C8F4E /* ActivityIndicator.swift */ = {isa = PBXFileReference; lastKnownFileType = sourcecode.swift; path = ActivityIndicator.swift; sourceTree = "<group>"; };
		96E17AED23942C9F005C8F4E /* Order.swift */ = {isa = PBXFileReference; lastKnownFileType = sourcecode.swift; path = Order.swift; sourceTree = "<group>"; };
		96E17AEF23942CC6005C8F4E /* Pizza.swift */ = {isa = PBXFileReference; lastKnownFileType = sourcecode.swift; path = Pizza.swift; sourceTree = "<group>"; };
		96E17B0123943A12005C8F4E /* SignupViewController.swift */ = {isa = PBXFileReference; lastKnownFileType = sourcecode.swift; path = SignupViewController.swift; sourceTree = "<group>"; };
		E9D3A1030A0A9E30629F42F8 /* Pods_DigitalBitesIOS.framework */ = {isa = PBXFileReference; explicitFileType = wrapper.framework; includeInIndex = 0; path = Pods_DigitalBitesIOS.framework; sourceTree = BUILT_PRODUCTS_DIR; };
		F157DB3359641231825BFF15 /* Pods-DigitalBitesIOS.release.xcconfig */ = {isa = PBXFileReference; includeInIndex = 1; lastKnownFileType = text.xcconfig; name = "Pods-DigitalBitesIOS.release.xcconfig"; path = "Target Support Files/Pods-DigitalBitesIOS/Pods-DigitalBitesIOS.release.xcconfig"; sourceTree = "<group>"; };
/* End PBXFileReference section */

/* Begin PBXFrameworksBuildPhase section */
		96000A2E2393FCEC0084D54F /* Frameworks */ = {
			isa = PBXFrameworksBuildPhase;
			buildActionMask = 2147483647;
			files = (
				820477EFD452D30BA04791F8 /* Pods_DigitalBitesIOS.framework in Frameworks */,
			);
			runOnlyForDeploymentPostprocessing = 0;
		};
/* End PBXFrameworksBuildPhase section */

/* Begin PBXGroup section */
		0B96CA423938A9628DCC2CFF /* Pods */ = {
			isa = PBXGroup;
			children = (
				5F2C8F90C31D46B99E73278C /* Pods-DigitalBitesIOS.debug.xcconfig */,
				F157DB3359641231825BFF15 /* Pods-DigitalBitesIOS.release.xcconfig */,
			);
			path = Pods;
			sourceTree = "<group>";
		};
		612389258EF1072FC8AEDE52 /* Frameworks */ = {
			isa = PBXGroup;
			children = (
				E9D3A1030A0A9E30629F42F8 /* Pods_DigitalBitesIOS.framework */,
			);
			name = Frameworks;
			sourceTree = "<group>";
		};
		96000A282393FCEC0084D54F = {
			isa = PBXGroup;
			children = (
				96000A332393FCEC0084D54F /* DigitalBitesIOS */,
				96000A322393FCEC0084D54F /* Products */,
				0B96CA423938A9628DCC2CFF /* Pods */,
				612389258EF1072FC8AEDE52 /* Frameworks */,
			);
			sourceTree = "<group>";
		};
		96000A322393FCEC0084D54F /* Products */ = {
			isa = PBXGroup;
			children = (
				96000A312393FCEC0084D54F /* DigitalBitesIOS.app */,
			);
			name = Products;
			sourceTree = "<group>";
		};
		96000A332393FCEC0084D54F /* DigitalBitesIOS */ = {
			isa = PBXGroup;
			children = (
				96000A4A2393FD390084D54F /* ApiUrlPart.swift */,
				96000A4B2393FD390084D54F /* CategoryCollectionViewCell.swift */,
				96000A4C2393FD390084D54F /* CategoryViewController.swift */,
				96A64BD02396718900B5AF24 /* Category.swift */,
				96000A4F2393FD3A0084D54F /* HelpViewController.swift */,
				96000A502393FD3A0084D54F /* MenuViewController.swift */,
				96E17B0123943A12005C8F4E /* SignupViewController.swift */,
				96000A4E2393FD3A0084D54F /* SlideInTransition.swift */,
				96000A512393FD3A0084D54F /* Table.swift */,
				96000A492393FD390084D54F /* TableViewCell.swift */,
				96000A482393FD390084D54F /* TableViewViewController.swift */,
				96000A342393FCEC0084D54F /* AppDelegate.swift */,
				96000A362393FCEC0084D54F /* SceneDelegate.swift */,
				96000B8F2393FDB10084D54F /* ViewController.swift */,
				96E17AED23942C9F005C8F4E /* Order.swift */,
				96E17AEF23942CC6005C8F4E /* Pizza.swift */,
				96E17AE72394246D005C8F4E /* OrdersTableViewController.swift */,
				96E17AE92394268F005C8F4E /* OrderViewController.swift */,
				96E17AEB23942AC8005C8F4E /* ActivityIndicator.swift */,
				96E17AE123940880005C8F4E /* ResTableViewController.swift */,
				96E17AE52394107E005C8F4E /* FoodViewController.swift */,
				96E17AE323940A16005C8F4E /* ResTableViewCell.swift */,
				96000B912393FDF30084D54F /* Main.storyboard */,
				96000B942393FE160084D54F /* Assets.xcassets */,
				96000A3F2393FCEC0084D54F /* LaunchScreen.storyboard */,
				96000A422393FCEC0084D54F /* Info.plist */,
			);
			path = DigitalBitesIOS;
			sourceTree = "<group>";
		};
/* End PBXGroup section */

/* Begin PBXNativeTarget section */
		96000A302393FCEC0084D54F /* DigitalBitesIOS */ = {
			isa = PBXNativeTarget;
			buildConfigurationList = 96000A452393FCEC0084D54F /* Build configuration list for PBXNativeTarget "DigitalBitesIOS" */;
			buildPhases = (
				C4D2E7BD11CE9D73EFAED703 /* [CP] Check Pods Manifest.lock */,
				96000A2D2393FCEC0084D54F /* Sources */,
				96000A2E2393FCEC0084D54F /* Frameworks */,
				96000A2F2393FCEC0084D54F /* Resources */,
				C7D22A4D4DB58E91CB1DFE25 /* [CP] Embed Pods Frameworks */,
			);
			buildRules = (
			);
			dependencies = (
			);
			name = DigitalBitesIOS;
			productName = DigitalBitesIOS;
			productReference = 96000A312393FCEC0084D54F /* DigitalBitesIOS.app */;
			productType = "com.apple.product-type.application";
		};
/* End PBXNativeTarget section */

/* Begin PBXProject section */
		96000A292393FCEC0084D54F /* Project object */ = {
			isa = PBXProject;
			attributes = {
				LastSwiftUpdateCheck = 1120;
				LastUpgradeCheck = 1120;
				ORGANIZATIONNAME = "Digital Bites";
				TargetAttributes = {
					96000A302393FCEC0084D54F = {
						CreatedOnToolsVersion = 11.2.1;
					};
				};
			};
			buildConfigurationList = 96000A2C2393FCEC0084D54F /* Build configuration list for PBXProject "DigitalBitesIOS" */;
			compatibilityVersion = "Xcode 9.3";
			developmentRegion = en;
			hasScannedForEncodings = 0;
			knownRegions = (
				en,
				Base,
			);
			mainGroup = 96000A282393FCEC0084D54F;
			productRefGroup = 96000A322393FCEC0084D54F /* Products */;
			projectDirPath = "";
			projectRoot = "";
			targets = (
				96000A302393FCEC0084D54F /* DigitalBitesIOS */,
			);
		};
/* End PBXProject section */

/* Begin PBXResourcesBuildPhase section */
		96000A2F2393FCEC0084D54F /* Resources */ = {
			isa = PBXResourcesBuildPhase;
			buildActionMask = 2147483647;
			files = (
				96000A412393FCEC0084D54F /* LaunchScreen.storyboard in Resources */,
				96000B952393FE160084D54F /* Assets.xcassets in Resources */,
				96000B932393FDF30084D54F /* Main.storyboard in Resources */,
			);
			runOnlyForDeploymentPostprocessing = 0;
		};
/* End PBXResourcesBuildPhase section */

/* Begin PBXShellScriptBuildPhase section */
		C4D2E7BD11CE9D73EFAED703 /* [CP] Check Pods Manifest.lock */ = {
			isa = PBXShellScriptBuildPhase;
			buildActionMask = 2147483647;
			files = (
			);
			inputFileListPaths = (
			);
			inputPaths = (
				"${PODS_PODFILE_DIR_PATH}/Podfile.lock",
				"${PODS_ROOT}/Manifest.lock",
			);
			name = "[CP] Check Pods Manifest.lock";
			outputFileListPaths = (
			);
			outputPaths = (
				"$(DERIVED_FILE_DIR)/Pods-DigitalBitesIOS-checkManifestLockResult.txt",
			);
			runOnlyForDeploymentPostprocessing = 0;
			shellPath = /bin/sh;
			shellScript = "diff \"${PODS_PODFILE_DIR_PATH}/Podfile.lock\" \"${PODS_ROOT}/Manifest.lock\" > /dev/null\nif [ $? != 0 ] ; then\n    # print error to STDERR\n    echo \"error: The sandbox is not in sync with the Podfile.lock. Run 'pod install' or update your CocoaPods installation.\" >&2\n    exit 1\nfi\n# This output is used by Xcode 'outputs' to avoid re-running this script phase.\necho \"SUCCESS\" > \"${SCRIPT_OUTPUT_FILE_0}\"\n";
			showEnvVarsInLog = 0;
		};
		C7D22A4D4DB58E91CB1DFE25 /* [CP] Embed Pods Frameworks */ = {
			isa = PBXShellScriptBuildPhase;
			buildActionMask = 2147483647;
			files = (
			);
			inputFileListPaths = (
				"${PODS_ROOT}/Target Support Files/Pods-DigitalBitesIOS/Pods-DigitalBitesIOS-frameworks-${CONFIGURATION}-input-files.xcfilelist",
			);
			name = "[CP] Embed Pods Frameworks";
			outputFileListPaths = (
				"${PODS_ROOT}/Target Support Files/Pods-DigitalBitesIOS/Pods-DigitalBitesIOS-frameworks-${CONFIGURATION}-output-files.xcfilelist",
			);
			runOnlyForDeploymentPostprocessing = 0;
			shellPath = /bin/sh;
			shellScript = "\"${PODS_ROOT}/Target Support Files/Pods-DigitalBitesIOS/Pods-DigitalBitesIOS-frameworks.sh\"\n";
			showEnvVarsInLog = 0;
		};
/* End PBXShellScriptBuildPhase section */

/* Begin PBXSourcesBuildPhase section */
		96000A2D2393FCEC0084D54F /* Sources */ = {
			isa = PBXSourcesBuildPhase;
			buildActionMask = 2147483647;
			files = (
				96000A592393FD3A0084D54F /* HelpViewController.swift in Sources */,
				96E17B0223943A12005C8F4E /* SignupViewController.swift in Sources */,
				96E17AE82394246D005C8F4E /* OrdersTableViewController.swift in Sources */,
				96E17AE223940880005C8F4E /* ResTableViewController.swift in Sources */,
				96E17AEE23942C9F005C8F4E /* Order.swift in Sources */,
				96000B902393FDB10084D54F /* ViewController.swift in Sources */,
				96000A532393FD3A0084D54F /* TableViewCell.swift in Sources */,
				96E17AEC23942AC8005C8F4E /* ActivityIndicator.swift in Sources */,
				96000A542393FD3A0084D54F /* ApiUrlPart.swift in Sources */,
				96000A352393FCEC0084D54F /* AppDelegate.swift in Sources */,
				96E17AE62394107E005C8F4E /* FoodViewController.swift in Sources */,
				96E17AE423940A16005C8F4E /* ResTableViewCell.swift in Sources */,
				96E17AEA2394268F005C8F4E /* OrderViewController.swift in Sources */,
				96E17AF023942CC6005C8F4E /* Pizza.swift in Sources */,
				96000A562393FD3A0084D54F /* CategoryViewController.swift in Sources */,
				96000A5A2393FD3A0084D54F /* MenuViewController.swift in Sources */,
				96000A522393FD3A0084D54F /* TableViewViewController.swift in Sources */,
				96000A5B2393FD3A0084D54F /* Table.swift in Sources */,
				96000A552393FD3A0084D54F /* CategoryCollectionViewCell.swift in Sources */,
				96000A372393FCEC0084D54F /* SceneDelegate.swift in Sources */,
				96000A582393FD3A0084D54F /* SlideInTransition.swift in Sources */,
				96A64BD12396718900B5AF24 /* Category.swift in Sources */,
			);
			runOnlyForDeploymentPostprocessing = 0;
		};
/* End PBXSourcesBuildPhase section */

/* Begin PBXVariantGroup section */
		96000A3F2393FCEC0084D54F /* LaunchScreen.storyboard */ = {
			isa = PBXVariantGroup;
			children = (
				96000A402393FCEC0084D54F /* Base */,
			);
			name = LaunchScreen.storyboard;
			sourceTree = "<group>";
		};
		96000B912393FDF30084D54F /* Main.storyboard */ = {
			isa = PBXVariantGroup;
			children = (
				96000B922393FDF30084D54F /* Base */,
			);
			name = Main.storyboard;
			sourceTree = "<group>";
		};
/* End PBXVariantGroup section */

/* Begin XCBuildConfiguration section */
		96000A432393FCEC0084D54F /* Debug */ = {
			isa = XCBuildConfiguration;
			buildSettings = {
				ALWAYS_SEARCH_USER_PATHS = NO;
				CLANG_ANALYZER_NONNULL = YES;
				CLANG_ANALYZER_NUMBER_OBJECT_CONVERSION = YES_AGGRESSIVE;
				CLANG_CXX_LANGUAGE_STANDARD = "gnu++14";
				CLANG_CXX_LIBRARY = "libc++";
				CLANG_ENABLE_MODULES = YES;
				CLANG_ENABLE_OBJC_ARC = YES;
				CLANG_ENABLE_OBJC_WEAK = YES;
				CLANG_WARN_BLOCK_CAPTURE_AUTORELEASING = YES;
				CLANG_WARN_BOOL_CONVERSION = YES;
				CLANG_WARN_COMMA = YES;
				CLANG_WARN_CONSTANT_CONVERSION = YES;
				CLANG_WARN_DEPRECATED_OBJC_IMPLEMENTATIONS = YES;
				CLANG_WARN_DIRECT_OBJC_ISA_USAGE = YES_ERROR;
				CLANG_WARN_DOCUMENTATION_COMMENTS = YES;
				CLANG_WARN_EMPTY_BODY = YES;
				CLANG_WARN_ENUM_CONVERSION = YES;
				CLANG_WARN_INFINITE_RECURSION = YES;
				CLANG_WARN_INT_CONVERSION = YES;
				CLANG_WARN_NON_LITERAL_NULL_CONVERSION = YES;
				CLANG_WARN_OBJC_IMPLICIT_RETAIN_SELF = YES;
				CLANG_WARN_OBJC_LITERAL_CONVERSION = YES;
				CLANG_WARN_OBJC_ROOT_CLASS = YES_ERROR;
				CLANG_WARN_RANGE_LOOP_ANALYSIS = YES;
				CLANG_WARN_STRICT_PROTOTYPES = YES;
				CLANG_WARN_SUSPICIOUS_MOVE = YES;
				CLANG_WARN_UNGUARDED_AVAILABILITY = YES_AGGRESSIVE;
				CLANG_WARN_UNREACHABLE_CODE = YES;
				CLANG_WARN__DUPLICATE_METHOD_MATCH = YES;
				COPY_PHASE_STRIP = NO;
				DEBUG_INFORMATION_FORMAT = dwarf;
				ENABLE_STRICT_OBJC_MSGSEND = YES;
				ENABLE_TESTABILITY = YES;
				GCC_C_LANGUAGE_STANDARD = gnu11;
				GCC_DYNAMIC_NO_PIC = NO;
				GCC_NO_COMMON_BLOCKS = YES;
				GCC_OPTIMIZATION_LEVEL = 0;
				GCC_PREPROCESSOR_DEFINITIONS = (
					"DEBUG=1",
					"$(inherited)",
				);
				GCC_WARN_64_TO_32_BIT_CONVERSION = YES;
				GCC_WARN_ABOUT_RETURN_TYPE = YES_ERROR;
				GCC_WARN_UNDECLARED_SELECTOR = YES;
				GCC_WARN_UNINITIALIZED_AUTOS = YES_AGGRESSIVE;
				GCC_WARN_UNUSED_FUNCTION = YES;
				GCC_WARN_UNUSED_VARIABLE = YES;
				IPHONEOS_DEPLOYMENT_TARGET = 13.2;
				MTL_ENABLE_DEBUG_INFO = INCLUDE_SOURCE;
				MTL_FAST_MATH = YES;
				ONLY_ACTIVE_ARCH = YES;
				SDKROOT = iphoneos;
				SWIFT_ACTIVE_COMPILATION_CONDITIONS = DEBUG;
				SWIFT_OPTIMIZATION_LEVEL = "-Onone";
			};
			name = Debug;
		};
		96000A442393FCEC0084D54F /* Release */ = {
			isa = XCBuildConfiguration;
			buildSettings = {
				ALWAYS_SEARCH_USER_PATHS = NO;
				CLANG_ANALYZER_NONNULL = YES;
				CLANG_ANALYZER_NUMBER_OBJECT_CONVERSION = YES_AGGRESSIVE;
				CLANG_CXX_LANGUAGE_STANDARD = "gnu++14";
				CLANG_CXX_LIBRARY = "libc++";
				CLANG_ENABLE_MODULES = YES;
				CLANG_ENABLE_OBJC_ARC = YES;
				CLANG_ENABLE_OBJC_WEAK = YES;
				CLANG_WARN_BLOCK_CAPTURE_AUTORELEASING = YES;
				CLANG_WARN_BOOL_CONVERSION = YES;
				CLANG_WARN_COMMA = YES;
				CLANG_WARN_CONSTANT_CONVERSION = YES;
				CLANG_WARN_DEPRECATED_OBJC_IMPLEMENTATIONS = YES;
				CLANG_WARN_DIRECT_OBJC_ISA_USAGE = YES_ERROR;
				CLANG_WARN_DOCUMENTATION_COMMENTS = YES;
				CLANG_WARN_EMPTY_BODY = YES;
				CLANG_WARN_ENUM_CONVERSION = YES;
				CLANG_WARN_INFINITE_RECURSION = YES;
				CLANG_WARN_INT_CONVERSION = YES;
				CLANG_WARN_NON_LITERAL_NULL_CONVERSION = YES;
				CLANG_WARN_OBJC_IMPLICIT_RETAIN_SELF = YES;
				CLANG_WARN_OBJC_LITERAL_CONVERSION = YES;
				CLANG_WARN_OBJC_ROOT_CLASS = YES_ERROR;
				CLANG_WARN_RANGE_LOOP_ANALYSIS = YES;
				CLANG_WARN_STRICT_PROTOTYPES = YES;
				CLANG_WARN_SUSPICIOUS_MOVE = YES;
				CLANG_WARN_UNGUARDED_AVAILABILITY = YES_AGGRESSIVE;
				CLANG_WARN_UNREACHABLE_CODE = YES;
				CLANG_WARN__DUPLICATE_METHOD_MATCH = YES;
				COPY_PHASE_STRIP = NO;
				DEBUG_INFORMATION_FORMAT = "dwarf-with-dsym";
				ENABLE_NS_ASSERTIONS = NO;
				ENABLE_STRICT_OBJC_MSGSEND = YES;
				GCC_C_LANGUAGE_STANDARD = gnu11;
				GCC_NO_COMMON_BLOCKS = YES;
				GCC_WARN_64_TO_32_BIT_CONVERSION = YES;
				GCC_WARN_ABOUT_RETURN_TYPE = YES_ERROR;
				GCC_WARN_UNDECLARED_SELECTOR = YES;
				GCC_WARN_UNINITIALIZED_AUTOS = YES_AGGRESSIVE;
				GCC_WARN_UNUSED_FUNCTION = YES;
				GCC_WARN_UNUSED_VARIABLE = YES;
				IPHONEOS_DEPLOYMENT_TARGET = 13.2;
				MTL_ENABLE_DEBUG_INFO = NO;
				MTL_FAST_MATH = YES;
				SDKROOT = iphoneos;
				SWIFT_COMPILATION_MODE = wholemodule;
				SWIFT_OPTIMIZATION_LEVEL = "-O";
				VALIDATE_PRODUCT = YES;
			};
			name = Release;
		};
		96000A462393FCEC0084D54F /* Debug */ = {
			isa = XCBuildConfiguration;
			baseConfigurationReference = 5F2C8F90C31D46B99E73278C /* Pods-DigitalBitesIOS.debug.xcconfig */;
			buildSettings = {
				ASSETCATALOG_COMPILER_APPICON_NAME = AppIcon;
				CODE_SIGN_STYLE = Automatic;
				DEVELOPMENT_TEAM = AF3P3DZV93;
				INFOPLIST_FILE = DigitalBitesIOS/Info.plist;
				LD_RUNPATH_SEARCH_PATHS = (
					"$(inherited)",
					"@executable_path/Frameworks",
				);
				PRODUCT_BUNDLE_IDENTIFIER = DigitalBites.DigitalBitesIOS;
				PRODUCT_NAME = "$(TARGET_NAME)";
				SWIFT_VERSION = 5.0;
				TARGETED_DEVICE_FAMILY = "1,2";
			};
			name = Debug;
		};
		96000A472393FCEC0084D54F /* Release */ = {
			isa = XCBuildConfiguration;
			baseConfigurationReference = F157DB3359641231825BFF15 /* Pods-DigitalBitesIOS.release.xcconfig */;
			buildSettings = {
				ASSETCATALOG_COMPILER_APPICON_NAME = AppIcon;
				CODE_SIGN_STYLE = Automatic;
				DEVELOPMENT_TEAM = AF3P3DZV93;
				INFOPLIST_FILE = DigitalBitesIOS/Info.plist;
				LD_RUNPATH_SEARCH_PATHS = (
					"$(inherited)",
					"@executable_path/Frameworks",
				);
				PRODUCT_BUNDLE_IDENTIFIER = DigitalBites.DigitalBitesIOS;
				PRODUCT_NAME = "$(TARGET_NAME)";
				SWIFT_VERSION = 5.0;
				TARGETED_DEVICE_FAMILY = "1,2";
			};
			name = Release;
		};
/* End XCBuildConfiguration section */

/* Begin XCConfigurationList section */
		96000A2C2393FCEC0084D54F /* Build configuration list for PBXProject "DigitalBitesIOS" */ = {
			isa = XCConfigurationList;
			buildConfigurations = (
				96000A432393FCEC0084D54F /* Debug */,
				96000A442393FCEC0084D54F /* Release */,
			);
			defaultConfigurationIsVisible = 0;
			defaultConfigurationName = Release;
		};
		96000A452393FCEC0084D54F /* Build configuration list for PBXNativeTarget "DigitalBitesIOS" */ = {
			isa = XCConfigurationList;
			buildConfigurations = (
				96000A462393FCEC0084D54F /* Debug */,
				96000A472393FCEC0084D54F /* Release */,
			);
			defaultConfigurationIsVisible = 0;
			defaultConfigurationName = Release;
		};
/* End XCConfigurationList section */
	};
	rootObject = 96000A292393FCEC0084D54F /* Project object */;
}
